
Microsoft Visual Studio Solution File, Format Version 12.00
# Visual Studio 15
VisualStudioVersion = 15.0.28010.2046
MinimumVisualStudioVersion = 10.0.40219.1
Project("{FAE04EC0-301F-11D3-BF4B-00C04F79EFBC}") = "DEV3", "DEV3\DEV3.csproj", "{8A221CCB-39A7-47CE-BC25-BBAA88A97401}"
EndProject
Global
	GlobalSection(SolutionConfigurationPlatforms) = preSolution
		Debug|Any CPU = Debug|Any CPU
		Release|Any CPU = Release|Any CPU
	EndGlobalSection
	GlobalSection(ProjectConfigurationPlatforms) = postSolution
		{8A221CCB-39A7-47CE-BC25-BBAA88A97401}.Debug|Any CPU.ActiveCfg = Debug|Any CPU
		{8A221CCB-39A7-47CE-BC25-BBAA88A97401}.Debug|Any CPU.Build.0 = Debug|Any CPU
		{8A221CCB-39A7-47CE-BC25-BBAA88A97401}.Release|Any CPU.ActiveCfg = Release|Any CPU
		{8A221CCB-39A7-47CE-BC25-BBAA88A97401}.Release|Any CPU.Build.0 = Release|Any CPU
	EndGlobalSection
	GlobalSection(SolutionProperties) = preSolution
		HideSolutionNode = FALSE
	EndGlobalSection
	GlobalSection(ExtensibilityGlobals) = postSolution
		SolutionGuid = {219239BE-A105-4C4E-A928-004D91393D0F}
	EndGlobalSection
EndGlobal
